
Microsoft Visual Studio Solution File, Format Version 12.00
# Visual Studio Version 17
VisualStudioVersion = 17.4.33110.190
MinimumVisualStudioVersion = 10.0.40219.1
Project("{FAE04EC0-301F-11D3-BF4B-00C04F79EFBC}") = "CoreProject", "CoreProject\CoreProject.csproj", "{12429468-1237-4BDF-B2B6-996C41086AD5}"
EndProject
Global
	GlobalSection(SolutionConfigurationPlatforms) = preSolution
		Debug|Any CPU = Debug|Any CPU
		Release|Any CPU = Release|Any CPU
	EndGlobalSection
	GlobalSection(ProjectConfigurationPlatforms) = postSolution
		{12429468-1237-4BDF-B2B6-996C41086AD5}.Debug|Any CPU.ActiveCfg = Debug|Any CPU
		{12429468-1237-4BDF-B2B6-996C41086AD5}.Debug|Any CPU.Build.0 = Debug|Any CPU
		{12429468-1237-4BDF-B2B6-996C41086AD5}.Release|Any CPU.ActiveCfg = Release|Any CPU
		{12429468-1237-4BDF-B2B6-996C41086AD5}.Release|Any CPU.Build.0 = Release|Any CPU
	EndGlobalSection
	GlobalSection(SolutionProperties) = preSolution
		HideSolutionNode = FALSE
	EndGlobalSection
	GlobalSection(ExtensibilityGlobals) = postSolution
		SolutionGuid = {3C1179D1-B034-470B-B4D2-1F0A106BE98F}
	EndGlobalSection
EndGlobal
